// !$*UTF8*$!
{
	archiveVersion = 1;
	classes = {
	};
	objectVersion = 77;
	objects = {

/* Begin PBXBuildFile section */
		1727774E2ECB624C0052BA76 /* Sodium in Frameworks */ = {isa = PBXBuildFile; productRef = 1727774D2ECB624C0052BA76 /* Sodium */; };
		178834452EB678C8008250CE /* Localizable.xcstrings in Resources */ = {isa = PBXBuildFile; fileRef = 178834442EB678C8008250CE /* Localizable.xcstrings */; };
		17C75DBB2E9BD5CC000F865F /* Subprocess in Frameworks */ = {isa = PBXBuildFile; productRef = 17C75DBA2E9BD5CC000F865F /* Subprocess */; };
		17C7600D2E9FCAB6000F865F /* Subprocess in Frameworks */ = {isa = PBXBuildFile; productRef = 17C7600C2E9FCAB6000F865F /* Subprocess */; };
		17E2B1CA2EEC546600AAB3B1 /* Sparkle in Frameworks */ = {isa = PBXBuildFile; productRef = 17E2B1C92EEC546600AAB3B1 /* Sparkle */; };
/* End PBXBuildFile section */

/* Begin PBXContainerItemProxy section */
		17C75FFE2E9D3A68000F865F /* PBXContainerItemProxy */ = {
			isa = PBXContainerItemProxy;
			containerPortal = 17C75C6B2E992A83000F865F /* Project object */;
			proxyType = 1;
			remoteGlobalIDString = 17C75FF62E9D35A1000F865F;
			remoteInfo = BinaryDownloader;
		};
		17C9A5922EE4471600EC2983 /* PBXContainerItemProxy */ = {
			isa = PBXContainerItemProxy;
			containerPortal = 17C75C6B2E992A83000F865F /* Project object */;
			proxyType = 1;
			remoteGlobalIDString = 17C75C722E992A83000F865F;
			remoteInfo = Fadogen;
		};
/* End PBXContainerItemProxy section */

/* Begin PBXCopyFilesBuildPhase section */
		179E7D632EB37033008F399D /* Embed Frameworks */ = {
			isa = PBXCopyFilesBuildPhase;
			buildActionMask = 2147483647;
			dstPath = "";
			dstSubfolderSpec = 10;
			files = (
			);
			name = "Embed Frameworks";
			runOnlyForDeploymentPostprocessing = 0;
		};
		17C75FF52E9D35A1000F865F /* CopyFiles */ = {
			isa = PBXCopyFilesBuildPhase;
			buildActionMask = 2147483647;
			dstPath = /usr/share/man/man1/;
			dstSubfolderSpec = 0;
			files = (
			);
			runOnlyForDeploymentPostprocessing = 1;
		};
/* End PBXCopyFilesBuildPhase section */

/* Begin PBXFileReference section */
		171636222EF2DC43000381D8 /* CloudKit.framework */ = {isa = PBXFileReference; lastKnownFileType = wrapper.framework; name = CloudKit.framework; path = System/Library/Frameworks/CloudKit.framework; sourceTree = SDKROOT; };
		178834442EB678C8008250CE /* Localizable.xcstrings */ = {isa = PBXFileReference; lastKnownFileType = text.json.xcstrings; path = Localizable.xcstrings; sourceTree = "<group>"; };
		17C75C732E992A83000F865F /* Fadogen.app */ = {isa = PBXFileReference; explicitFileType = wrapper.application; includeInIndex = 0; path = Fadogen.app; sourceTree = BUILT_PRODUCTS_DIR; };
		17C75FF72E9D35A1000F865F /* BinaryDownloader */ = {isa = PBXFileReference; explicitFileType = "compiled.mach-o.executable"; includeInIndex = 0; path = BinaryDownloader; sourceTree = BUILT_PRODUCTS_DIR; };
		17C9A58E2EE4471600EC2983 /* FadogenTests.xctest */ = {isa = PBXFileReference; explicitFileType = wrapper.cfbundle; includeInIndex = 0; path = FadogenTests.xctest; sourceTree = BUILT_PRODUCTS_DIR; };
/* End PBXFileReference section */

/* Begin PBXFileSystemSynchronizedBuildFileExceptionSet section */
		17E2B1CC2EEC822900AAB3B1 /* Exceptions for "Fadogen" folder in "Fadogen" target */ = {
			isa = PBXFileSystemSynchronizedBuildFileExceptionSet;
			membershipExceptions = (
				Info.plist,
			);
			target = 17C75C722E992A83000F865F /* Fadogen */;
		};
/* End PBXFileSystemSynchronizedBuildFileExceptionSet section */

/* Begin PBXFileSystemSynchronizedRootGroup section */
		17C75C752E992A83000F865F /* Fadogen */ = {
			isa = PBXFileSystemSynchronizedRootGroup;
			exceptions = (
				17E2B1CC2EEC822900AAB3B1 /* Exceptions for "Fadogen" folder in "Fadogen" target */,
			);
			explicitFolders = (
				Resources/Ansible,
			);
			path = Fadogen;
			sourceTree = "<group>";
		};
		17C75FF82E9D35A1000F865F /* BinaryDownloader */ = {
			isa = PBXFileSystemSynchronizedRootGroup;
			path = BinaryDownloader;
			sourceTree = "<group>";
		};
		17C9A58F2EE4471600EC2983 /* FadogenTests */ = {
			isa = PBXFileSystemSynchronizedRootGroup;
			path = FadogenTests;
			sourceTree = "<group>";
		};
/* End PBXFileSystemSynchronizedRootGroup section */

/* Begin PBXFrameworksBuildPhase section */
		17C75C702E992A83000F865F /* Frameworks */ = {
			isa = PBXFrameworksBuildPhase;
			buildActionMask = 2147483647;
			files = (
				17E2B1CA2EEC546600AAB3B1 /* Sparkle in Frameworks */,
				17C75DBB2E9BD5CC000F865F /* Subprocess in Frameworks */,
				1727774E2ECB624C0052BA76 /* Sodium in Frameworks */,
			);
			runOnlyForDeploymentPostprocessing = 0;
		};
		17C75FF42E9D35A1000F865F /* Frameworks */ = {
			isa = PBXFrameworksBuildPhase;
			buildActionMask = 2147483647;
			files = (
				17C7600D2E9FCAB6000F865F /* Subprocess in Frameworks */,
			);
			runOnlyForDeploymentPostprocessing = 0;
		};
		17C9A58B2EE4471600EC2983 /* Frameworks */ = {
			isa = PBXFrameworksBuildPhase;
			buildActionMask = 2147483647;
			files = (
			);
			runOnlyForDeploymentPostprocessing = 0;
		};
/* End PBXFrameworksBuildPhase section */

/* Begin PBXGroup section */
		171636212EF2DC42000381D8 /* Frameworks */ = {
			isa = PBXGroup;
			children = (
				171636222EF2DC43000381D8 /* CloudKit.framework */,
			);
			name = Frameworks;
			sourceTree = "<group>";
		};
		17C75C6A2E992A83000F865F = {
			isa = PBXGroup;
			children = (
				178834442EB678C8008250CE /* Localizable.xcstrings */,
				17C75C752E992A83000F865F /* Fadogen */,
				17C75FF82E9D35A1000F865F /* BinaryDownloader */,
				17C9A58F2EE4471600EC2983 /* FadogenTests */,
				171636212EF2DC42000381D8 /* Frameworks */,
				17C75C742E992A83000F865F /* Products */,
			);
			sourceTree = "<group>";
		};
		17C75C742E992A83000F865F /* Products */ = {
			isa = PBXGroup;
			children = (
				17C75C732E992A83000F865F /* Fadogen.app */,
				17C75FF72E9D35A1000F865F /* BinaryDownloader */,
				17C9A58E2EE4471600EC2983 /* FadogenTests.xctest */,
			);
			name = Products;
			sourceTree = "<group>";
		};
/* End PBXGroup section */

/* Begin PBXNativeTarget section */
		17C75C722E992A83000F865F /* Fadogen */ = {
			isa = PBXNativeTarget;
			buildConfigurationList = 17C75C7E2E992A85000F865F /* Build configuration list for PBXNativeTarget "Fadogen" */;
			buildPhases = (
				17C75C6F2E992A83000F865F /* Sources */,
				17C760002E9D3A78000F865F /* ShellScript */,
				17C75C702E992A83000F865F /* Frameworks */,
				17C75C712E992A83000F865F /* Resources */,
				179E7D632EB37033008F399D /* Embed Frameworks */,
			);
			buildRules = (
			);
			dependencies = (
				17C75FFF2E9D3A68000F865F /* PBXTargetDependency */,
			);
			fileSystemSynchronizedGroups = (
				17C75C752E992A83000F865F /* Fadogen */,
			);
			name = Fadogen;
			packageProductDependencies = (
				17C75DBA2E9BD5CC000F865F /* Subprocess */,
				1727774D2ECB624C0052BA76 /* Sodium */,
				17E2B1C92EEC546600AAB3B1 /* Sparkle */,
			);
			productName = Fadogen;
			productReference = 17C75C732E992A83000F865F /* Fadogen.app */;
			productType = "com.apple.product-type.application";
		};
		17C75FF62E9D35A1000F865F /* BinaryDownloader */ = {
			isa = PBXNativeTarget;
			buildConfigurationList = 17C75FFB2E9D35A1000F865F /* Build configuration list for PBXNativeTarget "BinaryDownloader" */;
			buildPhases = (
				17C75FF32E9D35A1000F865F /* Sources */,
				17C75FF42E9D35A1000F865F /* Frameworks */,
				17C75FF52E9D35A1000F865F /* CopyFiles */,
			);
			buildRules = (
			);
			dependencies = (
			);
			fileSystemSynchronizedGroups = (
				17C75FF82E9D35A1000F865F /* BinaryDownloader */,
			);
			name = BinaryDownloader;
			packageProductDependencies = (
				17C7600C2E9FCAB6000F865F /* Subprocess */,
			);
			productName = BinaryDownloader;
			productReference = 17C75FF72E9D35A1000F865F /* BinaryDownloader */;
			productType = "com.apple.product-type.tool";
		};
		17C9A58D2EE4471600EC2983 /* FadogenTests */ = {
			isa = PBXNativeTarget;
			buildConfigurationList = 17C9A5942EE4471600EC2983 /* Build configuration list for PBXNativeTarget "FadogenTests" */;
			buildPhases = (
				17C9A58A2EE4471600EC2983 /* Sources */,
				17C9A58B2EE4471600EC2983 /* Frameworks */,
				17C9A58C2EE4471600EC2983 /* Resources */,
			);
			buildRules = (
			);
			dependencies = (
				17C9A5932EE4471600EC2983 /* PBXTargetDependency */,
			);
			fileSystemSynchronizedGroups = (
				17C9A58F2EE4471600EC2983 /* FadogenTests */,
			);
			name = FadogenTests;
			packageProductDependencies = (
			);
			productName = FadogenTests;
			productReference = 17C9A58E2EE4471600EC2983 /* FadogenTests.xctest */;
			productType = "com.apple.product-type.bundle.unit-test";
		};
/* End PBXNativeTarget section */

/* Begin PBXProject section */
		17C75C6B2E992A83000F865F /* Project object */ = {
			isa = PBXProject;
			attributes = {
				BuildIndependentTargetsInParallel = 1;
				LastSwiftUpdateCheck = 2610;
				LastUpgradeCheck = 2600;
				TargetAttributes = {
					17C75C722E992A83000F865F = {
						CreatedOnToolsVersion = 26.0.1;
					};
					17C75FF62E9D35A1000F865F = {
						CreatedOnToolsVersion = 26.0.1;
					};
					17C9A58D2EE4471600EC2983 = {
						CreatedOnToolsVersion = 26.1.1;
						TestTargetID = 17C75C722E992A83000F865F;
					};
				};
			};
			buildConfigurationList = 17C75C6E2E992A83000F865F /* Build configuration list for PBXProject "Fadogen" */;
			developmentRegion = en;
			hasScannedForEncodings = 0;
			knownRegions = (
				en,
				Base,
				fr,
				de,
			);
			mainGroup = 17C75C6A2E992A83000F865F;
			minimizedProjectReferenceProxies = 1;
			packageReferences = (
				17C75DB92E9BD5CC000F865F /* XCRemoteSwiftPackageReference "swift-subprocess" */,
				1727774C2ECB624C0052BA76 /* XCRemoteSwiftPackageReference "swift-sodium" */,
				17E2B1C82EEC546600AAB3B1 /* XCRemoteSwiftPackageReference "Sparkle" */,
			);
			preferredProjectObjectVersion = 77;
			productRefGroup = 17C75C742E992A83000F865F /* Products */;
			projectDirPath = "";
			projectRoot = "";
			targets = (
				17C75C722E992A83000F865F /* Fadogen */,
				17C75FF62E9D35A1000F865F /* BinaryDownloader */,
				17C9A58D2EE4471600EC2983 /* FadogenTests */,
			);
		};
/* End PBXProject section */

/* Begin PBXResourcesBuildPhase section */
		17C75C712E992A83000F865F /* Resources */ = {
			isa = PBXResourcesBuildPhase;
			buildActionMask = 2147483647;
			files = (
				178834452EB678C8008250CE /* Localizable.xcstrings in Resources */,
			);
			runOnlyForDeploymentPostprocessing = 0;
		};
		17C9A58C2EE4471600EC2983 /* Resources */ = {
			isa = PBXResourcesBuildPhase;
			buildActionMask = 2147483647;
			files = (
			);
			runOnlyForDeploymentPostprocessing = 0;
		};
/* End PBXResourcesBuildPhase section */

/* Begin PBXShellScriptBuildPhase section */
		17C760002E9D3A78000F865F /* ShellScript */ = {
			isa = PBXShellScriptBuildPhase;
			buildActionMask = 2147483647;
			files = (
			);
			inputFileListPaths = (
			);
			inputPaths = (
				"$(BUILT_PRODUCTS_DIR)/BinaryDownloader",
			);
			outputFileListPaths = (
			);
			outputPaths = (
				"$(BUILT_PRODUCTS_DIR)/$(PRODUCT_NAME).app/Contents/Resources/caddy",
				"$(BUILT_PRODUCTS_DIR)/$(PRODUCT_NAME).app/Contents/Resources/php-cli",
				"$(BUILT_PRODUCTS_DIR)/$(PRODUCT_NAME).app/Contents/Resources/php-fpm",
				"$(BUILT_PRODUCTS_DIR)/$(PRODUCT_NAME).app/Contents/Resources/certutil",
				"$(BUILT_PRODUCTS_DIR)/$(PRODUCT_NAME).app/Contents/Resources/cacert.pem",
				"$(BUILT_PRODUCTS_DIR)/$(PRODUCT_NAME).app/Contents/Resources/composer",
				"$(BUILT_PRODUCTS_DIR)/$(PRODUCT_NAME).app/Contents/Resources/node/bin/node",
				"$(BUILT_PRODUCTS_DIR)/$(PRODUCT_NAME).app/Contents/Resources/python/bin/python3",
				"$(BUILT_PRODUCTS_DIR)/$(PRODUCT_NAME).app/Contents/Resources/sshpass",
				"$(BUILT_PRODUCTS_DIR)/$(PRODUCT_NAME).app/Contents/Resources/cloudflared",
			);
			runOnlyForDeploymentPostprocessing = 0;
			shellPath = /bin/sh;
			shellScript = "$BUILT_PRODUCTS_DIR/BinaryDownloader\n";
		};
/* End PBXShellScriptBuildPhase section */

/* Begin PBXSourcesBuildPhase section */
		17C75C6F2E992A83000F865F /* Sources */ = {
			isa = PBXSourcesBuildPhase;
			buildActionMask = 2147483647;
			files = (
			);
			runOnlyForDeploymentPostprocessing = 0;
		};
		17C75FF32E9D35A1000F865F /* Sources */ = {
			isa = PBXSourcesBuildPhase;
			buildActionMask = 2147483647;
			files = (
			);
			runOnlyForDeploymentPostprocessing = 0;
		};
		17C9A58A2EE4471600EC2983 /* Sources */ = {
			isa = PBXSourcesBuildPhase;
			buildActionMask = 2147483647;
			files = (
			);
			runOnlyForDeploymentPostprocessing = 0;
		};
/* End PBXSourcesBuildPhase section */

/* Begin PBXTargetDependency section */
		17C75FFF2E9D3A68000F865F /* PBXTargetDependency */ = {
			isa = PBXTargetDependency;
			target = 17C75FF62E9D35A1000F865F /* BinaryDownloader */;
			targetProxy = 17C75FFE2E9D3A68000F865F /* PBXContainerItemProxy */;
		};
		17C9A5932EE4471600EC2983 /* PBXTargetDependency */ = {
			isa = PBXTargetDependency;
			target = 17C75C722E992A83000F865F /* Fadogen */;
			targetProxy = 17C9A5922EE4471600EC2983 /* PBXContainerItemProxy */;
		};
/* End PBXTargetDependency section */

/* Begin XCBuildConfiguration section */
		17C75C7C2E992A85000F865F /* Debug */ = {
			isa = XCBuildConfiguration;
			buildSettings = {
				ALWAYS_SEARCH_USER_PATHS = NO;
				ASSETCATALOG_COMPILER_GENERATE_SWIFT_ASSET_SYMBOL_EXTENSIONS = YES;
				CLANG_ANALYZER_LOCALIZABILITY_NONLOCALIZED = YES;
				CLANG_ANALYZER_NONNULL = YES;
				CLANG_ANALYZER_NUMBER_OBJECT_CONVERSION = YES_AGGRESSIVE;
				CLANG_CXX_LANGUAGE_STANDARD = "gnu++20";
				CLANG_ENABLE_MODULES = YES;
				CLANG_ENABLE_OBJC_ARC = YES;
				CLANG_ENABLE_OBJC_WEAK = YES;
				CLANG_WARN_BLOCK_CAPTURE_AUTORELEASING = YES;
				CLANG_WARN_BOOL_CONVERSION = YES;
				CLANG_WARN_COMMA = YES;
				CLANG_WARN_CONSTANT_CONVERSION = YES;
				CLANG_WARN_DEPRECATED_OBJC_IMPLEMENTATIONS = YES;
				CLANG_WARN_DIRECT_OBJC_ISA_USAGE = YES_ERROR;
				CLANG_WARN_DOCUMENTATION_COMMENTS = YES;
				CLANG_WARN_EMPTY_BODY = YES;
				CLANG_WARN_ENUM_CONVERSION = YES;
				CLANG_WARN_INFINITE_RECURSION = YES;
				CLANG_WARN_INT_CONVERSION = YES;
				CLANG_WARN_NON_LITERAL_NULL_CONVERSION = YES;
				CLANG_WARN_OBJC_IMPLICIT_RETAIN_SELF = YES;
				CLANG_WARN_OBJC_LITERAL_CONVERSION = YES;
				CLANG_WARN_OBJC_ROOT_CLASS = YES_ERROR;
				CLANG_WARN_QUOTED_INCLUDE_IN_FRAMEWORK_HEADER = YES;
				CLANG_WARN_RANGE_LOOP_ANALYSIS = YES;
				CLANG_WARN_STRICT_PROTOTYPES = YES;
				CLANG_WARN_SUSPICIOUS_MOVE = YES;
				CLANG_WARN_UNGUARDED_AVAILABILITY = YES_AGGRESSIVE;
				CLANG_WARN_UNREACHABLE_CODE = YES;
				CLANG_WARN__DUPLICATE_METHOD_MATCH = YES;
				COPY_PHASE_STRIP = NO;
				DEAD_CODE_STRIPPING = YES;
				DEBUG_INFORMATION_FORMAT = dwarf;
				DEVELOPMENT_TEAM = G9BR433264;
				ENABLE_STRICT_OBJC_MSGSEND = YES;
				ENABLE_TESTABILITY = YES;
				ENABLE_USER_SCRIPT_SANDBOXING = YES;
				GCC_C_LANGUAGE_STANDARD = gnu17;
				GCC_DYNAMIC_NO_PIC = NO;
				GCC_NO_COMMON_BLOCKS = YES;
				GCC_OPTIMIZATION_LEVEL = 0;
				GCC_PREPROCESSOR_DEFINITIONS = (
					"DEBUG=1",
					"$(inherited)",
				);
				GCC_WARN_64_TO_32_BIT_CONVERSION = YES;
				GCC_WARN_ABOUT_RETURN_TYPE = YES_ERROR;
				GCC_WARN_UNDECLARED_SELECTOR = YES;
				GCC_WARN_UNINITIALIZED_AUTOS = YES_AGGRESSIVE;
				GCC_WARN_UNUSED_FUNCTION = YES;
				GCC_WARN_UNUSED_VARIABLE = YES;
				LOCALIZATION_PREFERS_STRING_CATALOGS = YES;
				MACOSX_DEPLOYMENT_TARGET = 15.0;
				MTL_ENABLE_DEBUG_INFO = INCLUDE_SOURCE;
				MTL_FAST_MATH = YES;
				ONLY_ACTIVE_ARCH = YES;
				SDKROOT = macosx;
				STRING_CATALOG_GENERATE_SYMBOLS = YES;
				SWIFT_ACTIVE_COMPILATION_CONDITIONS = "DEBUG $(inherited)";
				SWIFT_EMIT_LOC_STRINGS = YES;
				SWIFT_OPTIMIZATION_LEVEL = "-Onone";
				SWIFT_VERSION = 6.0;
			};
			name = Debug;
		};
		17C75C7D2E992A85000F865F /* Release */ = {
			isa = XCBuildConfiguration;
			buildSettings = {
				ALWAYS_SEARCH_USER_PATHS = NO;
				ASSETCATALOG_COMPILER_GENERATE_SWIFT_ASSET_SYMBOL_EXTENSIONS = YES;
				CLANG_ANALYZER_LOCALIZABILITY_NONLOCALIZED = YES;
				CLANG_ANALYZER_NONNULL = YES;
				CLANG_ANALYZER_NUMBER_OBJECT_CONVERSION = YES_AGGRESSIVE;
				CLANG_CXX_LANGUAGE_STANDARD = "gnu++20";
				CLANG_ENABLE_MODULES = YES;
				CLANG_ENABLE_OBJC_ARC = YES;
				CLANG_ENABLE_OBJC_WEAK = YES;
				CLANG_WARN_BLOCK_CAPTURE_AUTORELEASING = YES;
				CLANG_WARN_BOOL_CONVERSION = YES;
				CLANG_WARN_COMMA = YES;
				CLANG_WARN_CONSTANT_CONVERSION = YES;
				CLANG_WARN_DEPRECATED_OBJC_IMPLEMENTATIONS = YES;
				CLANG_WARN_DIRECT_OBJC_ISA_USAGE = YES_ERROR;
				CLANG_WARN_DOCUMENTATION_COMMENTS = YES;
				CLANG_WARN_EMPTY_BODY = YES;
				CLANG_WARN_ENUM_CONVERSION = YES;
				CLANG_WARN_INFINITE_RECURSION = YES;
				CLANG_WARN_INT_CONVERSION = YES;
				CLANG_WARN_NON_LITERAL_NULL_CONVERSION = YES;
				CLANG_WARN_OBJC_IMPLICIT_RETAIN_SELF = YES;
				CLANG_WARN_OBJC_LITERAL_CONVERSION = YES;
				CLANG_WARN_OBJC_ROOT_CLASS = YES_ERROR;
				CLANG_WARN_QUOTED_INCLUDE_IN_FRAMEWORK_HEADER = YES;
				CLANG_WARN_RANGE_LOOP_ANALYSIS = YES;
				CLANG_WARN_STRICT_PROTOTYPES = YES;
				CLANG_WARN_SUSPICIOUS_MOVE = YES;
				CLANG_WARN_UNGUARDED_AVAILABILITY = YES_AGGRESSIVE;
				CLANG_WARN_UNREACHABLE_CODE = YES;
				CLANG_WARN__DUPLICATE_METHOD_MATCH = YES;
				COPY_PHASE_STRIP = NO;
				DEAD_CODE_STRIPPING = YES;
				DEBUG_INFORMATION_FORMAT = "dwarf-with-dsym";
				DEVELOPMENT_TEAM = G9BR433264;
				ENABLE_NS_ASSERTIONS = NO;
				ENABLE_STRICT_OBJC_MSGSEND = YES;
				ENABLE_USER_SCRIPT_SANDBOXING = YES;
				GCC_C_LANGUAGE_STANDARD = gnu17;
				GCC_NO_COMMON_BLOCKS = YES;
				GCC_WARN_64_TO_32_BIT_CONVERSION = YES;
				GCC_WARN_ABOUT_RETURN_TYPE = YES_ERROR;
				GCC_WARN_UNDECLARED_SELECTOR = YES;
				GCC_WARN_UNINITIALIZED_AUTOS = YES_AGGRESSIVE;
				GCC_WARN_UNUSED_FUNCTION = YES;
				GCC_WARN_UNUSED_VARIABLE = YES;
				LOCALIZATION_PREFERS_STRING_CATALOGS = YES;
				MACOSX_DEPLOYMENT_TARGET = 15.0;
				MTL_ENABLE_DEBUG_INFO = NO;
				MTL_FAST_MATH = YES;
				SDKROOT = macosx;
				STRING_CATALOG_GENERATE_SYMBOLS = YES;
				SWIFT_COMPILATION_MODE = wholemodule;
				SWIFT_EMIT_LOC_STRINGS = YES;
				SWIFT_VERSION = 6.0;
			};
			name = Release;
		};
		17C75C7F2E992A85000F865F /* Debug */ = {
			isa = XCBuildConfiguration;
			buildSettings = {
				ASSETCATALOG_COMPILER_APPICON_NAME = AppIcon;
				ASSETCATALOG_COMPILER_GLOBAL_ACCENT_COLOR_NAME = AccentColor;
				CODE_SIGN_ENTITLEMENTS = Fadogen/Fadogen.debug.entitlements;
				CODE_SIGN_IDENTITY = "Apple Development";
				CODE_SIGN_STYLE = Automatic;
				COMBINE_HIDPI_IMAGES = YES;
				CURRENT_PROJECT_VERSION = 1;
				DEAD_CODE_STRIPPING = YES;
				DEVELOPMENT_TEAM = G9BR433264;
				ENABLE_APP_SANDBOX = NO;
				ENABLE_HARDENED_RUNTIME = YES;
				ENABLE_PREVIEWS = YES;
				ENABLE_USER_SCRIPT_SANDBOXING = NO;
				GENERATE_INFOPLIST_FILE = YES;
				INFOPLIST_FILE = Fadogen/Info.plist;
				INFOPLIST_KEY_CFBundleDisplayName = Fadogen;
				INFOPLIST_KEY_LSApplicationCategoryType = "public.app-category.developer-tools";
				INFOPLIST_KEY_NSHumanReadableCopyright = "";
				LD_RUNPATH_SEARCH_PATHS = (
					"$(inherited)",
					"@executable_path/../Frameworks",
				);
				MACOSX_DEPLOYMENT_TARGET = 15.0;
				MARKETING_VERSION = 1.0;
				PRODUCT_BUNDLE_IDENTIFIER = app.fadogen.Fadogen.debug;
				PRODUCT_NAME = "$(TARGET_NAME)";
				REGISTER_APP_GROUPS = YES;
				STRING_CATALOG_GENERATE_SYMBOLS = YES;
				SWIFT_APPROACHABLE_CONCURRENCY = YES;
				SWIFT_DEFAULT_ACTOR_ISOLATION = MainActor;
				SWIFT_EMIT_LOC_STRINGS = YES;
				SWIFT_UPCOMING_FEATURE_MEMBER_IMPORT_VISIBILITY = YES;
				SWIFT_VERSION = 6.0;
			};
			name = Debug;
		};
		17C75C802E992A85000F865F /* Release */ = {
			isa = XCBuildConfiguration;
			buildSettings = {
				ASSETCATALOG_COMPILER_APPICON_NAME = AppIcon;
				ASSETCATALOG_COMPILER_GLOBAL_ACCENT_COLOR_NAME = AccentColor;
				CODE_SIGN_ENTITLEMENTS = Fadogen/Fadogen.entitlements;
				CODE_SIGN_IDENTITY = "Apple Development";
				"CODE_SIGN_IDENTITY[sdk=macosx*]" = "Developer ID Application";
				CODE_SIGN_STYLE = Manual;
				COMBINE_HIDPI_IMAGES = YES;
				CURRENT_PROJECT_VERSION = 1;
				DEAD_CODE_STRIPPING = YES;
				DEVELOPMENT_TEAM = "";
				"DEVELOPMENT_TEAM[sdk=macosx*]" = G9BR433264;
				ENABLE_APP_SANDBOX = NO;
				ENABLE_HARDENED_RUNTIME = YES;
				ENABLE_PREVIEWS = YES;
				ENABLE_USER_SCRIPT_SANDBOXING = NO;
				GENERATE_INFOPLIST_FILE = YES;
				INFOPLIST_FILE = Fadogen/Info.plist;
				INFOPLIST_KEY_CFBundleDisplayName = Fadogen;
				INFOPLIST_KEY_LSApplicationCategoryType = "public.app-category.developer-tools";
				INFOPLIST_KEY_NSHumanReadableCopyright = "";
				LD_RUNPATH_SEARCH_PATHS = (
					"$(inherited)",
					"@executable_path/../Frameworks",
				);
				MACOSX_DEPLOYMENT_TARGET = 15.0;
				MARKETING_VERSION = 1.0;
				PRODUCT_BUNDLE_IDENTIFIER = app.fadogen.Fadogen;
				PRODUCT_NAME = "$(TARGET_NAME)";
				PROVISIONING_PROFILE_SPECIFIER = "";
				"PROVISIONING_PROFILE_SPECIFIER[sdk=macosx*]" = "Fadogen Developer ID";
				REGISTER_APP_GROUPS = YES;
				STRING_CATALOG_GENERATE_SYMBOLS = YES;
				SWIFT_APPROACHABLE_CONCURRENCY = YES;
				SWIFT_DEFAULT_ACTOR_ISOLATION = MainActor;
				SWIFT_EMIT_LOC_STRINGS = YES;
				SWIFT_UPCOMING_FEATURE_MEMBER_IMPORT_VISIBILITY = YES;
				SWIFT_VERSION = 6.0;
			};
			name = Release;
		};
		17C75FFC2E9D35A1000F865F /* Debug */ = {
			isa = XCBuildConfiguration;
			buildSettings = {
				"CODE_SIGN_IDENTITY[sdk=macosx*]" = "Developer ID Application";
				CODE_SIGN_STYLE = Manual;
				DEAD_CODE_STRIPPING = YES;
				DEVELOPMENT_TEAM = "";
				"DEVELOPMENT_TEAM[sdk=macosx*]" = G9BR433264;
				ENABLE_HARDENED_RUNTIME = YES;
				MACOSX_DEPLOYMENT_TARGET = 15.0;
				PRODUCT_NAME = "$(TARGET_NAME)";
				PROVISIONING_PROFILE_SPECIFIER = "";
				SKIP_INSTALL = YES;
				SWIFT_APPROACHABLE_CONCURRENCY = YES;
				SWIFT_UPCOMING_FEATURE_MEMBER_IMPORT_VISIBILITY = YES;
				SWIFT_VERSION = 6.0;
			};
			name = Debug;
		};
		17C75FFD2E9D35A1000F865F /* Release */ = {
			isa = XCBuildConfiguration;
			buildSettings = {
				"CODE_SIGN_IDENTITY[sdk=macosx*]" = "Developer ID Application";
				CODE_SIGN_STYLE = Manual;
				DEAD_CODE_STRIPPING = YES;
				DEVELOPMENT_TEAM = "";
				"DEVELOPMENT_TEAM[sdk=macosx*]" = G9BR433264;
				ENABLE_HARDENED_RUNTIME = YES;
				MACOSX_DEPLOYMENT_TARGET = 15.0;
				PRODUCT_NAME = "$(TARGET_NAME)";
				PROVISIONING_PROFILE_SPECIFIER = "";
				SKIP_INSTALL = YES;
				SWIFT_APPROACHABLE_CONCURRENCY = YES;
				SWIFT_UPCOMING_FEATURE_MEMBER_IMPORT_VISIBILITY = YES;
				SWIFT_VERSION = 6.0;
			};
			name = Release;
		};
		17C9A5952EE4471600EC2983 /* Debug */ = {
			isa = XCBuildConfiguration;
			buildSettings = {
				BUNDLE_LOADER = "$(TEST_HOST)";
				CODE_SIGN_STYLE = Automatic;
				CURRENT_PROJECT_VERSION = 1;
				DEVELOPMENT_TEAM = G9BR433264;
				GENERATE_INFOPLIST_FILE = YES;
				MACOSX_DEPLOYMENT_TARGET = 15.0;
				MARKETING_VERSION = 1.0;
				PRODUCT_BUNDLE_IDENTIFIER = app.fadogen.FadogenTests;
				PRODUCT_NAME = "$(TARGET_NAME)";
				STRING_CATALOG_GENERATE_SYMBOLS = NO;
				SWIFT_APPROACHABLE_CONCURRENCY = YES;
				SWIFT_EMIT_LOC_STRINGS = NO;
				SWIFT_UPCOMING_FEATURE_MEMBER_IMPORT_VISIBILITY = YES;
				SWIFT_VERSION = 5.0;
				TEST_HOST = "$(BUILT_PRODUCTS_DIR)/Fadogen.app/$(BUNDLE_EXECUTABLE_FOLDER_PATH)/Fadogen";
			};
			name = Debug;
		};
		17C9A5962EE4471600EC2983 /* Release */ = {
			isa = XCBuildConfiguration;
			buildSettings = {
				BUNDLE_LOADER = "$(TEST_HOST)";
				CODE_SIGN_STYLE = Automatic;
				CURRENT_PROJECT_VERSION = 1;
				DEVELOPMENT_TEAM = G9BR433264;
				GENERATE_INFOPLIST_FILE = YES;
				MACOSX_DEPLOYMENT_TARGET = 15.0;
				MARKETING_VERSION = 1.0;
				PRODUCT_BUNDLE_IDENTIFIER = app.fadogen.FadogenTests;
				PRODUCT_NAME = "$(TARGET_NAME)";
				STRING_CATALOG_GENERATE_SYMBOLS = NO;
				SWIFT_APPROACHABLE_CONCURRENCY = YES;
				SWIFT_EMIT_LOC_STRINGS = NO;
				SWIFT_UPCOMING_FEATURE_MEMBER_IMPORT_VISIBILITY = YES;
				SWIFT_VERSION = 5.0;
				TEST_HOST = "$(BUILT_PRODUCTS_DIR)/Fadogen.app/$(BUNDLE_EXECUTABLE_FOLDER_PATH)/Fadogen";
			};
			name = Release;
		};
/* End XCBuildConfiguration section */

/* Begin XCConfigurationList section */
		17C75C6E2E992A83000F865F /* Build configuration list for PBXProject "Fadogen" */ = {
			isa = XCConfigurationList;
			buildConfigurations = (
				17C75C7C2E992A85000F865F /* Debug */,
				17C75C7D2E992A85000F865F /* Release */,
			);
			defaultConfigurationIsVisible = 0;
			defaultConfigurationName = Release;
		};
		17C75C7E2E992A85000F865F /* Build configuration list for PBXNativeTarget "Fadogen" */ = {
			isa = XCConfigurationList;
			buildConfigurations = (
				17C75C7F2E992A85000F865F /* Debug */,
				17C75C802E992A85000F865F /* Release */,
			);
			defaultConfigurationIsVisible = 0;
			defaultConfigurationName = Release;
		};
		17C75FFB2E9D35A1000F865F /* Build configuration list for PBXNativeTarget "BinaryDownloader" */ = {
			isa = XCConfigurationList;
			buildConfigurations = (
				17C75FFC2E9D35A1000F865F /* Debug */,
				17C75FFD2E9D35A1000F865F /* Release */,
			);
			defaultConfigurationIsVisible = 0;
			defaultConfigurationName = Release;
		};
		17C9A5942EE4471600EC2983 /* Build configuration list for PBXNativeTarget "FadogenTests" */ = {
			isa = XCConfigurationList;
			buildConfigurations = (
				17C9A5952EE4471600EC2983 /* Debug */,
				17C9A5962EE4471600EC2983 /* Release */,
			);
			defaultConfigurationIsVisible = 0;
			defaultConfigurationName = Release;
		};
/* End XCConfigurationList section */

/* Begin XCRemoteSwiftPackageReference section */
		1727774C2ECB624C0052BA76 /* XCRemoteSwiftPackageReference "swift-sodium" */ = {
			isa = XCRemoteSwiftPackageReference;
			repositoryURL = "https://github.com/jedisct1/swift-sodium.git";
			requirement = {
				kind = upToNextMajorVersion;
				minimumVersion = 0.9.1;
			};
		};
		17C75DB92E9BD5CC000F865F /* XCRemoteSwiftPackageReference "swift-subprocess" */ = {
			isa = XCRemoteSwiftPackageReference;
			repositoryURL = "https://github.com/swiftlang/swift-subprocess";
			requirement = {
				kind = upToNextMajorVersion;
				minimumVersion = 0.1.0;
			};
		};
		17E2B1C82EEC546600AAB3B1 /* XCRemoteSwiftPackageReference "Sparkle" */ = {
			isa = XCRemoteSwiftPackageReference;
			repositoryURL = "https://github.com/sparkle-project/Sparkle";
			requirement = {
				kind = upToNextMajorVersion;
				minimumVersion = 2.8.1;
			};
		};
/* End XCRemoteSwiftPackageReference section */

/* Begin XCSwiftPackageProductDependency section */
		1727774D2ECB624C0052BA76 /* Sodium */ = {
			isa = XCSwiftPackageProductDependency;
			package = 1727774C2ECB624C0052BA76 /* XCRemoteSwiftPackageReference "swift-sodium" */;
			productName = Sodium;
		};
		17C75DBA2E9BD5CC000F865F /* Subprocess */ = {
			isa = XCSwiftPackageProductDependency;
			package = 17C75DB92E9BD5CC000F865F /* XCRemoteSwiftPackageReference "swift-subprocess" */;
			productName = Subprocess;
		};
		17C7600C2E9FCAB6000F865F /* Subprocess */ = {
			isa = XCSwiftPackageProductDependency;
			package = 17C75DB92E9BD5CC000F865F /* XCRemoteSwiftPackageReference "swift-subprocess" */;
			productName = Subprocess;
		};
		17E2B1C92EEC546600AAB3B1 /* Sparkle */ = {
			isa = XCSwiftPackageProductDependency;
			package = 17E2B1C82EEC546600AAB3B1 /* XCRemoteSwiftPackageReference "Sparkle" */;
			productName = Sparkle;
		};
/* End XCSwiftPackageProductDependency section */
	};
	rootObject = 17C75C6B2E992A83000F865F /* Project object */;
}
